
Microsoft Visual Studio Solution File, Format Version 12.00
Project("{2150E333-8FDC-42A3-9474-1A3956D46DE8}") = "Play.Infra", "Play.Infra", "{C82CBBDB-4411-4002-9E91-D4FAF0D6D55F}"
	ProjectSection(SolutionItems) = preProject
		Play.Infra\docker-compose.yml = Play.Infra\docker-compose.yml
	EndProjectSection
EndProject
Project("{2150E333-8FDC-42A3-9474-1A3956D46DE8}") = "Play.Catalog", "Play.Catalog", "{143AD461-54F7-4BE6-8C7C-AF01533E4014}"
EndProject
Project("{2150E333-8FDC-42A3-9474-1A3956D46DE8}") = "src", "src", "{2EF5C028-2B17-45D0-B70E-026C0520E0B1}"
EndProject
Project("{FAE04EC0-301F-11D3-BF4B-00C04F79EFBC}") = "Play.Catalog.Service", "Play.Catalog\src\Play.Catalog.Service\Play.Catalog.Service.csproj", "{91F28EC5-659F-426C-A6D8-184BF90BD1C9}"
EndProject
Project("{2150E333-8FDC-42A3-9474-1A3956D46DE8}") = "Play.Common", "Play.Common", "{95C59845-35CD-44EA-A60C-A0D2AA40DA61}"
EndProject
Project("{2150E333-8FDC-42A3-9474-1A3956D46DE8}") = "src", "src", "{A617EFF4-197C-4261-BF2D-1279A3C6CAF9}"
EndProject
Project("{FAE04EC0-301F-11D3-BF4B-00C04F79EFBC}") = "Play.Common", "Play.Common\src\Play.Common\Play.Common.csproj", "{24AA328C-9615-4448-8B31-F1F9D491A67B}"
EndProject
Project("{2150E333-8FDC-42A3-9474-1A3956D46DE8}") = "Play.Inventory", "Play.Inventory", "{090CBAD8-EA96-4B56-92F3-9351B1355A2C}"
EndProject
Project("{2150E333-8FDC-42A3-9474-1A3956D46DE8}") = "src", "src", "{8C5DB91B-5A4C-46F2-9B74-2E7FD385B160}"
EndProject
Project("{FAE04EC0-301F-11D3-BF4B-00C04F79EFBC}") = "Play.Inventory.Service", "Play.Inventory\src\Play.Inventory.Service\Play.Inventory.Service.csproj", "{299EECC7-C0AB-4943-BCC2-AC35977445D7}"
EndProject
Project("{FAE04EC0-301F-11D3-BF4B-00C04F79EFBC}") = "Play.Catalog.Contracts", "Play.Catalog\src\Play.Catalog.Contracts\Play.Catalog.Contracts.csproj", "{84111EC3-084C-4BE8-9E35-50ECEF2D5C7F}"
EndProject
Project("{2150E333-8FDC-42A3-9474-1A3956D46DE8}") = "Play.Frontend", "Play.Frontend", "{B8A6041F-8EFC-4DEC-9998-3DBDC5A66F08}"
EndProject
Global
	GlobalSection(SolutionConfigurationPlatforms) = preSolution
		Debug|Any CPU = Debug|Any CPU
		Release|Any CPU = Release|Any CPU
	EndGlobalSection
	GlobalSection(ProjectConfigurationPlatforms) = postSolution
		{91F28EC5-659F-426C-A6D8-184BF90BD1C9}.Debug|Any CPU.ActiveCfg = Debug|Any CPU
		{91F28EC5-659F-426C-A6D8-184BF90BD1C9}.Debug|Any CPU.Build.0 = Debug|Any CPU
		{91F28EC5-659F-426C-A6D8-184BF90BD1C9}.Release|Any CPU.ActiveCfg = Release|Any CPU
		{91F28EC5-659F-426C-A6D8-184BF90BD1C9}.Release|Any CPU.Build.0 = Release|Any CPU
		{24AA328C-9615-4448-8B31-F1F9D491A67B}.Debug|Any CPU.ActiveCfg = Debug|Any CPU
		{24AA328C-9615-4448-8B31-F1F9D491A67B}.Debug|Any CPU.Build.0 = Debug|Any CPU
		{24AA328C-9615-4448-8B31-F1F9D491A67B}.Release|Any CPU.ActiveCfg = Release|Any CPU
		{24AA328C-9615-4448-8B31-F1F9D491A67B}.Release|Any CPU.Build.0 = Release|Any CPU
		{299EECC7-C0AB-4943-BCC2-AC35977445D7}.Debug|Any CPU.ActiveCfg = Debug|Any CPU
		{299EECC7-C0AB-4943-BCC2-AC35977445D7}.Debug|Any CPU.Build.0 = Debug|Any CPU
		{299EECC7-C0AB-4943-BCC2-AC35977445D7}.Release|Any CPU.ActiveCfg = Release|Any CPU
		{299EECC7-C0AB-4943-BCC2-AC35977445D7}.Release|Any CPU.Build.0 = Release|Any CPU
		{84111EC3-084C-4BE8-9E35-50ECEF2D5C7F}.Debug|Any CPU.ActiveCfg = Debug|Any CPU
		{84111EC3-084C-4BE8-9E35-50ECEF2D5C7F}.Debug|Any CPU.Build.0 = Debug|Any CPU
		{84111EC3-084C-4BE8-9E35-50ECEF2D5C7F}.Release|Any CPU.ActiveCfg = Release|Any CPU
		{84111EC3-084C-4BE8-9E35-50ECEF2D5C7F}.Release|Any CPU.Build.0 = Release|Any CPU
	EndGlobalSection
	GlobalSection(NestedProjects) = preSolution
		{2EF5C028-2B17-45D0-B70E-026C0520E0B1} = {143AD461-54F7-4BE6-8C7C-AF01533E4014}
		{91F28EC5-659F-426C-A6D8-184BF90BD1C9} = {2EF5C028-2B17-45D0-B70E-026C0520E0B1}
		{A617EFF4-197C-4261-BF2D-1279A3C6CAF9} = {95C59845-35CD-44EA-A60C-A0D2AA40DA61}
		{24AA328C-9615-4448-8B31-F1F9D491A67B} = {A617EFF4-197C-4261-BF2D-1279A3C6CAF9}
		{8C5DB91B-5A4C-46F2-9B74-2E7FD385B160} = {090CBAD8-EA96-4B56-92F3-9351B1355A2C}
		{299EECC7-C0AB-4943-BCC2-AC35977445D7} = {8C5DB91B-5A4C-46F2-9B74-2E7FD385B160}
		{84111EC3-084C-4BE8-9E35-50ECEF2D5C7F} = {2EF5C028-2B17-45D0-B70E-026C0520E0B1}
	EndGlobalSection
EndGlobal
